// !$*UTF8*$!
{
	archiveVersion = 1;
	classes = {
	};
	objectVersion = 56;
	objects = {

/* Begin PBXBuildFile section */
		DB60C9BE2CB2CC6700B4959C /* GJ.swift in Sources */ = {isa = PBXBuildFile; fileRef = DB60C9BD2CB2CC6700B4959C /* GJ.swift */; };
		DB60C9C02CB2CDB500B4959C /* HD.swift in Sources */ = {isa = PBXBuildFile; fileRef = DB60C9BF2CB2CDB500B4959C /* HD.swift */; };
		DB60C9C22CB2CDD400B4959C /* Kepler.swift in Sources */ = {isa = PBXBuildFile; fileRef = DB60C9C12CB2CDD400B4959C /* Kepler.swift */; };
		DB60C9C42CB2CDF300B4959C /* 55.swift in Sources */ = {isa = PBXBuildFile; fileRef = DB60C9C32CB2CDF300B4959C /* 55.swift */; };
		DB60C9C62CB2CE0300B4959C /* K2.swift in Sources */ = {isa = PBXBuildFile; fileRef = DB60C9C52CB2CE0300B4959C /* K2.swift */; };
		DB912C162CB1A1750045C729 /* NASA_appApp.swift in Sources */ = {isa = PBXBuildFile; fileRef = DB912C152CB1A1750045C729 /* NASA_appApp.swift */; };
		DB912C182CB1A1750045C729 /* ContentView.swift in Sources */ = {isa = PBXBuildFile; fileRef = DB912C172CB1A1750045C729 /* ContentView.swift */; };
		DB912C1A2CB1A1760045C729 /* Assets.xcassets in Resources */ = {isa = PBXBuildFile; fileRef = DB912C192CB1A1760045C729 /* Assets.xcassets */; };
		DB912C1D2CB1A1760045C729 /* Preview Assets.xcassets in Resources */ = {isa = PBXBuildFile; fileRef = DB912C1C2CB1A1760045C729 /* Preview Assets.xcassets */; };
		DB912C252CB1A47B0045C729 /* ExploreExoplanet.swift in Sources */ = {isa = PBXBuildFile; fileRef = DB912C242CB1A47B0045C729 /* ExploreExoplanet.swift */; };
		DB912C272CB1A6E40045C729 /* DrawConstellations.swift in Sources */ = {isa = PBXBuildFile; fileRef = DB912C262CB1A6E40045C729 /* DrawConstellations.swift */; };
		DB912C292CB1A6F80045C729 /* FQ.swift in Sources */ = {isa = PBXBuildFile; fileRef = DB912C282CB1A6F80045C729 /* FQ.swift */; };
		DB912C2B2CB1A71C0045C729 /* MC.swift in Sources */ = {isa = PBXBuildFile; fileRef = DB912C2A2CB1A71C0045C729 /* MC.swift */; };
/* End PBXBuildFile section */

/* Begin PBXFileReference section */
		DB60C9BD2CB2CC6700B4959C /* GJ.swift */ = {isa = PBXFileReference; lastKnownFileType = sourcecode.swift; path = GJ.swift; sourceTree = "<group>"; };
		DB60C9BF2CB2CDB500B4959C /* HD.swift */ = {isa = PBXFileReference; lastKnownFileType = sourcecode.swift; path = HD.swift; sourceTree = "<group>"; };
		DB60C9C12CB2CDD400B4959C /* Kepler.swift */ = {isa = PBXFileReference; lastKnownFileType = sourcecode.swift; path = Kepler.swift; sourceTree = "<group>"; };
		DB60C9C32CB2CDF300B4959C /* 55.swift */ = {isa = PBXFileReference; lastKnownFileType = sourcecode.swift; path = 55.swift; sourceTree = "<group>"; };
		DB60C9C52CB2CE0300B4959C /* K2.swift */ = {isa = PBXFileReference; lastKnownFileType = sourcecode.swift; path = K2.swift; sourceTree = "<group>"; };
		DB912C122CB1A1750045C729 /* NASA app.app */ = {isa = PBXFileReference; explicitFileType = wrapper.application; includeInIndex = 0; path = "NASA app.app"; sourceTree = BUILT_PRODUCTS_DIR; };
		DB912C152CB1A1750045C729 /* NASA_appApp.swift */ = {isa = PBXFileReference; lastKnownFileType = sourcecode.swift; path = NASA_appApp.swift; sourceTree = "<group>"; };
		DB912C172CB1A1750045C729 /* ContentView.swift */ = {isa = PBXFileReference; lastKnownFileType = sourcecode.swift; path = ContentView.swift; sourceTree = "<group>"; };
		DB912C192CB1A1760045C729 /* Assets.xcassets */ = {isa = PBXFileReference; lastKnownFileType = folder.assetcatalog; path = Assets.xcassets; sourceTree = "<group>"; };
		DB912C1C2CB1A1760045C729 /* Preview Assets.xcassets */ = {isa = PBXFileReference; lastKnownFileType = folder.assetcatalog; path = "Preview Assets.xcassets"; sourceTree = "<group>"; };
		DB912C1E2CB1A1760045C729 /* NASA_app.entitlements */ = {isa = PBXFileReference; lastKnownFileType = text.plist.entitlements; path = NASA_app.entitlements; sourceTree = "<group>"; };
		DB912C242CB1A47B0045C729 /* ExploreExoplanet.swift */ = {isa = PBXFileReference; lastKnownFileType = sourcecode.swift; path = ExploreExoplanet.swift; sourceTree = "<group>"; };
		DB912C262CB1A6E40045C729 /* DrawConstellations.swift */ = {isa = PBXFileReference; lastKnownFileType = sourcecode.swift; path = DrawConstellations.swift; sourceTree = "<group>"; };
		DB912C282CB1A6F80045C729 /* FQ.swift */ = {isa = PBXFileReference; lastKnownFileType = sourcecode.swift; path = FQ.swift; sourceTree = "<group>"; };
		DB912C2A2CB1A71C0045C729 /* MC.swift */ = {isa = PBXFileReference; lastKnownFileType = sourcecode.swift; path = MC.swift; sourceTree = "<group>"; };
/* End PBXFileReference section */

/* Begin PBXFrameworksBuildPhase section */
		DB912C0F2CB1A1750045C729 /* Frameworks */ = {
			isa = PBXFrameworksBuildPhase;
			buildActionMask = 2147483647;
			files = (
			);
			runOnlyForDeploymentPostprocessing = 0;
		};
/* End PBXFrameworksBuildPhase section */

/* Begin PBXGroup section */
		DB912C092CB1A1740045C729 = {
			isa = PBXGroup;
			children = (
				DB912C142CB1A1750045C729 /* NASA app */,
				DB912C132CB1A1750045C729 /* Products */,
			);
			sourceTree = "<group>";
		};
		DB912C132CB1A1750045C729 /* Products */ = {
			isa = PBXGroup;
			children = (
				DB912C122CB1A1750045C729 /* NASA app.app */,
			);
			name = Products;
			sourceTree = "<group>";
		};
		DB912C142CB1A1750045C729 /* NASA app */ = {
			isa = PBXGroup;
			children = (
				DB912C152CB1A1750045C729 /* NASA_appApp.swift */,
				DB912C172CB1A1750045C729 /* ContentView.swift */,
				DB912C242CB1A47B0045C729 /* ExploreExoplanet.swift */,
				DB60C9BD2CB2CC6700B4959C /* GJ.swift */,
				DB60C9BF2CB2CDB500B4959C /* HD.swift */,
				DB60C9C12CB2CDD400B4959C /* Kepler.swift */,
				DB60C9C32CB2CDF300B4959C /* 55.swift */,
				DB60C9C52CB2CE0300B4959C /* K2.swift */,
				DB912C262CB1A6E40045C729 /* DrawConstellations.swift */,
				DB912C282CB1A6F80045C729 /* FQ.swift */,
				DB912C2A2CB1A71C0045C729 /* MC.swift */,
				DB912C192CB1A1760045C729 /* Assets.xcassets */,
				DB912C1E2CB1A1760045C729 /* NASA_app.entitlements */,
				DB912C1B2CB1A1760045C729 /* Preview Content */,
			);
			path = "NASA app";
			sourceTree = "<group>";
		};
		DB912C1B2CB1A1760045C729 /* Preview Content */ = {
			isa = PBXGroup;
			children = (
				DB912C1C2CB1A1760045C729 /* Preview Assets.xcassets */,
			);
			path = "Preview Content";
			sourceTree = "<group>";
		};
/* End PBXGroup section */

/* Begin PBXNativeTarget section */
		DB912C112CB1A1750045C729 /* NASA app */ = {
			isa = PBXNativeTarget;
			buildConfigurationList = DB912C212CB1A1760045C729 /* Build configuration list for PBXNativeTarget "NASA app" */;
			buildPhases = (
				DB912C0E2CB1A1750045C729 /* Sources */,
				DB912C0F2CB1A1750045C729 /* Frameworks */,
				DB912C102CB1A1750045C729 /* Resources */,
			);
			buildRules = (
			);
			dependencies = (
			);
			name = "NASA app";
			productName = "NASA app";
			productReference = DB912C122CB1A1750045C729 /* NASA app.app */;
			productType = "com.apple.product-type.application";
		};
/* End PBXNativeTarget section */

/* Begin PBXProject section */
		DB912C0A2CB1A1740045C729 /* Project object */ = {
			isa = PBXProject;
			attributes = {
				BuildIndependentTargetsInParallel = 1;
				LastSwiftUpdateCheck = 1540;
				LastUpgradeCheck = 1540;
				TargetAttributes = {
					DB912C112CB1A1750045C729 = {
						CreatedOnToolsVersion = 15.4;
					};
				};
			};
			buildConfigurationList = DB912C0D2CB1A1740045C729 /* Build configuration list for PBXProject "NASA app" */;
			compatibilityVersion = "Xcode 14.0";
			developmentRegion = en;
			hasScannedForEncodings = 0;
			knownRegions = (
				en,
				Base,
			);
			mainGroup = DB912C092CB1A1740045C729;
			productRefGroup = DB912C132CB1A1750045C729 /* Products */;
			projectDirPath = "";
			projectRoot = "";
			targets = (
				DB912C112CB1A1750045C729 /* NASA app */,
			);
		};
/* End PBXProject section */

/* Begin PBXResourcesBuildPhase section */
		DB912C102CB1A1750045C729 /* Resources */ = {
			isa = PBXResourcesBuildPhase;
			buildActionMask = 2147483647;
			files = (
				DB912C1D2CB1A1760045C729 /* Preview Assets.xcassets in Resources */,
				DB912C1A2CB1A1760045C729 /* Assets.xcassets in Resources */,
			);
			runOnlyForDeploymentPostprocessing = 0;
		};
/* End PBXResourcesBuildPhase section */

/* Begin PBXSourcesBuildPhase section */
		DB912C0E2CB1A1750045C729 /* Sources */ = {
			isa = PBXSourcesBuildPhase;
			buildActionMask = 2147483647;
			files = (
				DB912C182CB1A1750045C729 /* ContentView.swift in Sources */,
				DB912C252CB1A47B0045C729 /* ExploreExoplanet.swift in Sources */,
				DB912C162CB1A1750045C729 /* NASA_appApp.swift in Sources */,
				DB60C9C62CB2CE0300B4959C /* K2.swift in Sources */,
				DB60C9C42CB2CDF300B4959C /* 55.swift in Sources */,
				DB60C9BE2CB2CC6700B4959C /* GJ.swift in Sources */,
				DB912C292CB1A6F80045C729 /* FQ.swift in Sources */,
				DB912C272CB1A6E40045C729 /* DrawConstellations.swift in Sources */,
				DB60C9C22CB2CDD400B4959C /* Kepler.swift in Sources */,
				DB912C2B2CB1A71C0045C729 /* MC.swift in Sources */,
				DB60C9C02CB2CDB500B4959C /* HD.swift in Sources */,
			);
			runOnlyForDeploymentPostprocessing = 0;
		};
/* End PBXSourcesBuildPhase section */

/* Begin XCBuildConfiguration section */
		DB912C1F2CB1A1760045C729 /* Debug */ = {
			isa = XCBuildConfiguration;
			buildSettings = {
				ALWAYS_SEARCH_USER_PATHS = NO;
				ASSETCATALOG_COMPILER_GENERATE_SWIFT_ASSET_SYMBOL_EXTENSIONS = YES;
				CLANG_ANALYZER_NONNULL = YES;
				CLANG_ANALYZER_NUMBER_OBJECT_CONVERSION = YES_AGGRESSIVE;
				CLANG_CXX_LANGUAGE_STANDARD = "gnu++20";
				CLANG_ENABLE_MODULES = YES;
				CLANG_ENABLE_OBJC_ARC = YES;
				CLANG_ENABLE_OBJC_WEAK = YES;
				CLANG_WARN_BLOCK_CAPTURE_AUTORELEASING = YES;
				CLANG_WARN_BOOL_CONVERSION = YES;
				CLANG_WARN_COMMA = YES;
				CLANG_WARN_CONSTANT_CONVERSION = YES;
				CLANG_WARN_DEPRECATED_OBJC_IMPLEMENTATIONS = YES;
				CLANG_WARN_DIRECT_OBJC_ISA_USAGE = YES_ERROR;
				CLANG_WARN_DOCUMENTATION_COMMENTS = YES;
				CLANG_WARN_EMPTY_BODY = YES;
				CLANG_WARN_ENUM_CONVERSION = YES;
				CLANG_WARN_INFINITE_RECURSION = YES;
				CLANG_WARN_INT_CONVERSION = YES;
				CLANG_WARN_NON_LITERAL_NULL_CONVERSION = YES;
				CLANG_WARN_OBJC_IMPLICIT_RETAIN_SELF = YES;
				CLANG_WARN_OBJC_LITERAL_CONVERSION = YES;
				CLANG_WARN_OBJC_ROOT_CLASS = YES_ERROR;
				CLANG_WARN_QUOTED_INCLUDE_IN_FRAMEWORK_HEADER = YES;
				CLANG_WARN_RANGE_LOOP_ANALYSIS = YES;
				CLANG_WARN_STRICT_PROTOTYPES = YES;
				CLANG_WARN_SUSPICIOUS_MOVE = YES;
				CLANG_WARN_UNGUARDED_AVAILABILITY = YES_AGGRESSIVE;
				CLANG_WARN_UNREACHABLE_CODE = YES;
				CLANG_WARN__DUPLICATE_METHOD_MATCH = YES;
				COPY_PHASE_STRIP = NO;
				DEBUG_INFORMATION_FORMAT = dwarf;
				ENABLE_STRICT_OBJC_MSGSEND = YES;
				ENABLE_TESTABILITY = YES;
				ENABLE_USER_SCRIPT_SANDBOXING = YES;
				GCC_C_LANGUAGE_STANDARD = gnu17;
				GCC_DYNAMIC_NO_PIC = NO;
				GCC_NO_COMMON_BLOCKS = YES;
				GCC_OPTIMIZATION_LEVEL = 0;
				GCC_PREPROCESSOR_DEFINITIONS = (
					"DEBUG=1",
					"$(inherited)",
				);
				GCC_WARN_64_TO_32_BIT_CONVERSION = YES;
				GCC_WARN_ABOUT_RETURN_TYPE = YES_ERROR;
				GCC_WARN_UNDECLARED_SELECTOR = YES;
				GCC_WARN_UNINITIALIZED_AUTOS = YES_AGGRESSIVE;
				GCC_WARN_UNUSED_FUNCTION = YES;
				GCC_WARN_UNUSED_VARIABLE = YES;
				LOCALIZATION_PREFERS_STRING_CATALOGS = YES;
				MACOSX_DEPLOYMENT_TARGET = 14.2;
				MTL_ENABLE_DEBUG_INFO = INCLUDE_SOURCE;
				MTL_FAST_MATH = YES;
				ONLY_ACTIVE_ARCH = YES;
				SDKROOT = macosx;
				SWIFT_ACTIVE_COMPILATION_CONDITIONS = "DEBUG $(inherited)";
				SWIFT_OPTIMIZATION_LEVEL = "-Onone";
			};
			name = Debug;
		};
		DB912C202CB1A1760045C729 /* Release */ = {
			isa = XCBuildConfiguration;
			buildSettings = {
				ALWAYS_SEARCH_USER_PATHS = NO;
				ASSETCATALOG_COMPILER_GENERATE_SWIFT_ASSET_SYMBOL_EXTENSIONS = YES;
				CLANG_ANALYZER_NONNULL = YES;
				CLANG_ANALYZER_NUMBER_OBJECT_CONVERSION = YES_AGGRESSIVE;
				CLANG_CXX_LANGUAGE_STANDARD = "gnu++20";
				CLANG_ENABLE_MODULES = YES;
				CLANG_ENABLE_OBJC_ARC = YES;
				CLANG_ENABLE_OBJC_WEAK = YES;
				CLANG_WARN_BLOCK_CAPTURE_AUTORELEASING = YES;
				CLANG_WARN_BOOL_CONVERSION = YES;
				CLANG_WARN_COMMA = YES;
				CLANG_WARN_CONSTANT_CONVERSION = YES;
				CLANG_WARN_DEPRECATED_OBJC_IMPLEMENTATIONS = YES;
				CLANG_WARN_DIRECT_OBJC_ISA_USAGE = YES_ERROR;
				CLANG_WARN_DOCUMENTATION_COMMENTS = YES;
				CLANG_WARN_EMPTY_BODY = YES;
				CLANG_WARN_ENUM_CONVERSION = YES;
				CLANG_WARN_INFINITE_RECURSION = YES;
				CLANG_WARN_INT_CONVERSION = YES;
				CLANG_WARN_NON_LITERAL_NULL_CONVERSION = YES;
				CLANG_WARN_OBJC_IMPLICIT_RETAIN_SELF = YES;
				CLANG_WARN_OBJC_LITERAL_CONVERSION = YES;
				CLANG_WARN_OBJC_ROOT_CLASS = YES_ERROR;
				CLANG_WARN_QUOTED_INCLUDE_IN_FRAMEWORK_HEADER = YES;
				CLANG_WARN_RANGE_LOOP_ANALYSIS = YES;
				CLANG_WARN_STRICT_PROTOTYPES = YES;
				CLANG_WARN_SUSPICIOUS_MOVE = YES;
				CLANG_WARN_UNGUARDED_AVAILABILITY = YES_AGGRESSIVE;
				CLANG_WARN_UNREACHABLE_CODE = YES;
				CLANG_WARN__DUPLICATE_METHOD_MATCH = YES;
				COPY_PHASE_STRIP = NO;
				DEBUG_INFORMATION_FORMAT = "dwarf-with-dsym";
				ENABLE_NS_ASSERTIONS = NO;
				ENABLE_STRICT_OBJC_MSGSEND = YES;
				ENABLE_USER_SCRIPT_SANDBOXING = YES;
				GCC_C_LANGUAGE_STANDARD = gnu17;
				GCC_NO_COMMON_BLOCKS = YES;
				GCC_WARN_64_TO_32_BIT_CONVERSION = YES;
				GCC_WARN_ABOUT_RETURN_TYPE = YES_ERROR;
				GCC_WARN_UNDECLARED_SELECTOR = YES;
				GCC_WARN_UNINITIALIZED_AUTOS = YES_AGGRESSIVE;
				GCC_WARN_UNUSED_FUNCTION = YES;
				GCC_WARN_UNUSED_VARIABLE = YES;
				LOCALIZATION_PREFERS_STRING_CATALOGS = YES;
				MACOSX_DEPLOYMENT_TARGET = 14.2;
				MTL_ENABLE_DEBUG_INFO = NO;
				MTL_FAST_MATH = YES;
				SDKROOT = macosx;
				SWIFT_COMPILATION_MODE = wholemodule;
			};
			name = Release;
		};
		DB912C222CB1A1760045C729 /* Debug */ = {
			isa = XCBuildConfiguration;
			buildSettings = {
				ASSETCATALOG_COMPILER_APPICON_NAME = AppIcon;
				ASSETCATALOG_COMPILER_GLOBAL_ACCENT_COLOR_NAME = AccentColor;
				CODE_SIGN_ENTITLEMENTS = "NASA app/NASA_app.entitlements";
				CODE_SIGN_STYLE = Automatic;
				COMBINE_HIDPI_IMAGES = YES;
				CURRENT_PROJECT_VERSION = 1;
				DEVELOPMENT_ASSET_PATHS = "\"NASA app/Preview Content\"";
				ENABLE_PREVIEWS = YES;
				GENERATE_INFOPLIST_FILE = YES;
				INFOPLIST_KEY_NSHumanReadableCopyright = "";
				LD_RUNPATH_SEARCH_PATHS = (
					"$(inherited)",
					"@executable_path/../Frameworks",
				);
				MARKETING_VERSION = 1.0;
				PRODUCT_BUNDLE_IDENTIFIER = "Little-Einsteins-on-Steroids.NASA-app";
				PRODUCT_NAME = "$(TARGET_NAME)";
				SWIFT_EMIT_LOC_STRINGS = YES;
				SWIFT_VERSION = 5.0;
			};
			name = Debug;
		};
		DB912C232CB1A1760045C729 /* Release */ = {
			isa = XCBuildConfiguration;
			buildSettings = {
				ASSETCATALOG_COMPILER_APPICON_NAME = AppIcon;
				ASSETCATALOG_COMPILER_GLOBAL_ACCENT_COLOR_NAME = AccentColor;
				CODE_SIGN_ENTITLEMENTS = "NASA app/NASA_app.entitlements";
				CODE_SIGN_STYLE = Automatic;
				COMBINE_HIDPI_IMAGES = YES;
				CURRENT_PROJECT_VERSION = 1;
				DEVELOPMENT_ASSET_PATHS = "\"NASA app/Preview Content\"";
				ENABLE_PREVIEWS = YES;
				GENERATE_INFOPLIST_FILE = YES;
				INFOPLIST_KEY_NSHumanReadableCopyright = "";
				LD_RUNPATH_SEARCH_PATHS = (
					"$(inherited)",
					"@executable_path/../Frameworks",
				);
				MARKETING_VERSION = 1.0;
				PRODUCT_BUNDLE_IDENTIFIER = "Little-Einsteins-on-Steroids.NASA-app";
				PRODUCT_NAME = "$(TARGET_NAME)";
				SWIFT_EMIT_LOC_STRINGS = YES;
				SWIFT_VERSION = 5.0;
			};
			name = Release;
		};
/* End XCBuildConfiguration section */

/* Begin XCConfigurationList section */
		DB912C0D2CB1A1740045C729 /* Build configuration list for PBXProject "NASA app" */ = {
			isa = XCConfigurationList;
			buildConfigurations = (
				DB912C1F2CB1A1760045C729 /* Debug */,
				DB912C202CB1A1760045C729 /* Release */,
			);
			defaultConfigurationIsVisible = 0;
			defaultConfigurationName = Release;
		};
		DB912C212CB1A1760045C729 /* Build configuration list for PBXNativeTarget "NASA app" */ = {
			isa = XCConfigurationList;
			buildConfigurations = (
				DB912C222CB1A1760045C729 /* Debug */,
				DB912C232CB1A1760045C729 /* Release */,
			);
			defaultConfigurationIsVisible = 0;
			defaultConfigurationName = Release;
		};
/* End XCConfigurationList section */
	};
	rootObject = DB912C0A2CB1A1740045C729 /* Project object */;
}
